
Microsoft Visual Studio Solution File, Format Version 12.00
# Visual Studio Version 16
VisualStudioVersion = 16.0.31205.134
MinimumVisualStudioVersion = 10.0.40219.1
Project("{FAE04EC0-301F-11D3-BF4B-00C04F79EFBC}") = "Payroll_Exercise", "Payroll_Exercise\Payroll_Exercise.csproj", "{53B69ED0-7711-4AC4-98A7-2E55D0752150}"
EndProject
Global
	GlobalSection(SolutionConfigurationPlatforms) = preSolution
		Debug|Any CPU = Debug|Any CPU
		Release|Any CPU = Release|Any CPU
	EndGlobalSection
	GlobalSection(ProjectConfigurationPlatforms) = postSolution
		{53B69ED0-7711-4AC4-98A7-2E55D0752150}.Debug|Any CPU.ActiveCfg = Debug|Any CPU
		{53B69ED0-7711-4AC4-98A7-2E55D0752150}.Debug|Any CPU.Build.0 = Debug|Any CPU
		{53B69ED0-7711-4AC4-98A7-2E55D0752150}.Release|Any CPU.ActiveCfg = Release|Any CPU
		{53B69ED0-7711-4AC4-98A7-2E55D0752150}.Release|Any CPU.Build.0 = Release|Any CPU
	EndGlobalSection
	GlobalSection(SolutionProperties) = preSolution
		HideSolutionNode = FALSE
	EndGlobalSection
	GlobalSection(ExtensibilityGlobals) = postSolution
		SolutionGuid = {9D9AE817-BED7-4B05-A2AA-1BF1C527A9D1}
	EndGlobalSection
EndGlobal
